
Microsoft Visual Studio Solution File, Format Version 12.00
# Visual Studio Version 17
VisualStudioVersion = 17.6.33801.468
MinimumVisualStudioVersion = 10.0.40219.1
Project("{FAE04EC0-301F-11D3-BF4B-00C04F79EFBC}") = "ControllersExample", "ControllersExample\ControllersExample.csproj", "{D1EE9B38-79D4-40F3-8BC6-8460D6469C0F}"
EndProject
Global
	GlobalSection(SolutionConfigurationPlatforms) = preSolution
		Debug|Any CPU = Debug|Any CPU
		Release|Any CPU = Release|Any CPU
	EndGlobalSection
	GlobalSection(ProjectConfigurationPlatforms) = postSolution
		{D1EE9B38-79D4-40F3-8BC6-8460D6469C0F}.Debug|Any CPU.ActiveCfg = Debug|Any CPU
		{D1EE9B38-79D4-40F3-8BC6-8460D6469C0F}.Debug|Any CPU.Build.0 = Debug|Any CPU
		{D1EE9B38-79D4-40F3-8BC6-8460D6469C0F}.Release|Any CPU.ActiveCfg = Release|Any CPU
		{D1EE9B38-79D4-40F3-8BC6-8460D6469C0F}.Release|Any CPU.Build.0 = Release|Any CPU
	EndGlobalSection
	GlobalSection(SolutionProperties) = preSolution
		HideSolutionNode = FALSE
	EndGlobalSection
	GlobalSection(ExtensibilityGlobals) = postSolution
		SolutionGuid = {14841FEA-393E-4B29-B0B4-B3173861C642}
	EndGlobalSection
EndGlobal
