
Microsoft Visual Studio Solution File, Format Version 12.00
# Visual Studio Version 17
VisualStudioVersion = 17.6.33801.468
MinimumVisualStudioVersion = 10.0.40219.1
Project("{FAE04EC0-301F-11D3-BF4B-00C04F79EFBC}") = "LayoutViews", "LayoutViews\LayoutViews.csproj", "{96BBB9AF-50F4-4B9E-BC3F-AC1F6E70BE05}"
EndProject
Global
	GlobalSection(SolutionConfigurationPlatforms) = preSolution
		Debug|Any CPU = Debug|Any CPU
		Release|Any CPU = Release|Any CPU
	EndGlobalSection
	GlobalSection(ProjectConfigurationPlatforms) = postSolution
		{96BBB9AF-50F4-4B9E-BC3F-AC1F6E70BE05}.Debug|Any CPU.ActiveCfg = Debug|Any CPU
		{96BBB9AF-50F4-4B9E-BC3F-AC1F6E70BE05}.Debug|Any CPU.Build.0 = Debug|Any CPU
		{96BBB9AF-50F4-4B9E-BC3F-AC1F6E70BE05}.Release|Any CPU.ActiveCfg = Release|Any CPU
		{96BBB9AF-50F4-4B9E-BC3F-AC1F6E70BE05}.Release|Any CPU.Build.0 = Release|Any CPU
	EndGlobalSection
	GlobalSection(SolutionProperties) = preSolution
		HideSolutionNode = FALSE
	EndGlobalSection
	GlobalSection(ExtensibilityGlobals) = postSolution
		SolutionGuid = {72FFF705-539F-4D33-ADD8-0A124D881658}
	EndGlobalSection
EndGlobal
