
Microsoft Visual Studio Solution File, Format Version 12.00
# Visual Studio Version 17
VisualStudioVersion = 17.6.33801.468
MinimumVisualStudioVersion = 10.0.40219.1
Project("{FAE04EC0-301F-11D3-BF4B-00C04F79EFBC}") = "Countries", "Countries\Countries.csproj", "{FF0581DA-6FDE-4494-A155-A1AE319CB628}"
EndProject
Global
	GlobalSection(SolutionConfigurationPlatforms) = preSolution
		Debug|Any CPU = Debug|Any CPU
		Release|Any CPU = Release|Any CPU
	EndGlobalSection
	GlobalSection(ProjectConfigurationPlatforms) = postSolution
		{FF0581DA-6FDE-4494-A155-A1AE319CB628}.Debug|Any CPU.ActiveCfg = Debug|Any CPU
		{FF0581DA-6FDE-4494-A155-A1AE319CB628}.Debug|Any CPU.Build.0 = Debug|Any CPU
		{FF0581DA-6FDE-4494-A155-A1AE319CB628}.Release|Any CPU.ActiveCfg = Release|Any CPU
		{FF0581DA-6FDE-4494-A155-A1AE319CB628}.Release|Any CPU.Build.0 = Release|Any CPU
	EndGlobalSection
	GlobalSection(SolutionProperties) = preSolution
		HideSolutionNode = FALSE
	EndGlobalSection
	GlobalSection(ExtensibilityGlobals) = postSolution
		SolutionGuid = {41BCE8D8-AAFB-40C7-A8EA-0245D18C860F}
	EndGlobalSection
EndGlobal
