
Microsoft Visual Studio Solution File, Format Version 12.00
# Visual Studio Version 17
VisualStudioVersion = 17.8.34330.188
MinimumVisualStudioVersion = 10.0.40219.1
Project("{9A19103F-16F7-4668-BE54-9A1E7A4F7556}") = "CRUDExample", "CRUDExample\CRUDExample.csproj", "{06260640-900C-452C-ABD1-C8FEB0789D0F}"
EndProject
Project("{9A19103F-16F7-4668-BE54-9A1E7A4F7556}") = "CRUDTests", "CRUDTests\CRUDTests.csproj", "{882C51A8-169B-4A74-8872-450AE44E0E8E}"
EndProject
Project("{9A19103F-16F7-4668-BE54-9A1E7A4F7556}") = "Entities", "Entities\Entities.csproj", "{C9223C19-E047-417E-949A-B424769F7DB3}"
EndProject
Project("{9A19103F-16F7-4668-BE54-9A1E7A4F7556}") = "ServiceContracts", "ServiceContracts\ServiceContracts.csproj", "{7606B546-CABB-41C3-8FB8-8E729F713538}"
EndProject
Project("{9A19103F-16F7-4668-BE54-9A1E7A4F7556}") = "Services", "Services\Services.csproj", "{A7E09C32-D009-45B8-B906-E7DEA5A38FBD}"
EndProject
Project("{FAE04EC0-301F-11D3-BF4B-00C04F79EFBC}") = "RepositoryContracts", "RepositoryContracts\RepositoryContracts.csproj", "{38428DEE-D33C-4AA6-A449-B4DB613BAB0A}"
EndProject
Global
	GlobalSection(SolutionConfigurationPlatforms) = preSolution
		Debug|Any CPU = Debug|Any CPU
		Release|Any CPU = Release|Any CPU
	EndGlobalSection
	GlobalSection(ProjectConfigurationPlatforms) = postSolution
		{06260640-900C-452C-ABD1-C8FEB0789D0F}.Debug|Any CPU.ActiveCfg = Debug|Any CPU
		{06260640-900C-452C-ABD1-C8FEB0789D0F}.Debug|Any CPU.Build.0 = Debug|Any CPU
		{06260640-900C-452C-ABD1-C8FEB0789D0F}.Release|Any CPU.ActiveCfg = Release|Any CPU
		{06260640-900C-452C-ABD1-C8FEB0789D0F}.Release|Any CPU.Build.0 = Release|Any CPU
		{882C51A8-169B-4A74-8872-450AE44E0E8E}.Debug|Any CPU.ActiveCfg = Debug|Any CPU
		{882C51A8-169B-4A74-8872-450AE44E0E8E}.Debug|Any CPU.Build.0 = Debug|Any CPU
		{882C51A8-169B-4A74-8872-450AE44E0E8E}.Release|Any CPU.ActiveCfg = Release|Any CPU
		{882C51A8-169B-4A74-8872-450AE44E0E8E}.Release|Any CPU.Build.0 = Release|Any CPU
		{C9223C19-E047-417E-949A-B424769F7DB3}.Debug|Any CPU.ActiveCfg = Debug|Any CPU
		{C9223C19-E047-417E-949A-B424769F7DB3}.Debug|Any CPU.Build.0 = Debug|Any CPU
		{C9223C19-E047-417E-949A-B424769F7DB3}.Release|Any CPU.ActiveCfg = Release|Any CPU
		{C9223C19-E047-417E-949A-B424769F7DB3}.Release|Any CPU.Build.0 = Release|Any CPU
		{7606B546-CABB-41C3-8FB8-8E729F713538}.Debug|Any CPU.ActiveCfg = Debug|Any CPU
		{7606B546-CABB-41C3-8FB8-8E729F713538}.Debug|Any CPU.Build.0 = Debug|Any CPU
		{7606B546-CABB-41C3-8FB8-8E729F713538}.Release|Any CPU.ActiveCfg = Release|Any CPU
		{7606B546-CABB-41C3-8FB8-8E729F713538}.Release|Any CPU.Build.0 = Release|Any CPU
		{A7E09C32-D009-45B8-B906-E7DEA5A38FBD}.Debug|Any CPU.ActiveCfg = Debug|Any CPU
		{A7E09C32-D009-45B8-B906-E7DEA5A38FBD}.Debug|Any CPU.Build.0 = Debug|Any CPU
		{A7E09C32-D009-45B8-B906-E7DEA5A38FBD}.Release|Any CPU.ActiveCfg = Release|Any CPU
		{A7E09C32-D009-45B8-B906-E7DEA5A38FBD}.Release|Any CPU.Build.0 = Release|Any CPU
		{38428DEE-D33C-4AA6-A449-B4DB613BAB0A}.Debug|Any CPU.ActiveCfg = Debug|Any CPU
		{38428DEE-D33C-4AA6-A449-B4DB613BAB0A}.Debug|Any CPU.Build.0 = Debug|Any CPU
		{38428DEE-D33C-4AA6-A449-B4DB613BAB0A}.Release|Any CPU.ActiveCfg = Release|Any CPU
		{38428DEE-D33C-4AA6-A449-B4DB613BAB0A}.Release|Any CPU.Build.0 = Release|Any CPU
	EndGlobalSection
	GlobalSection(SolutionProperties) = preSolution
		HideSolutionNode = FALSE
	EndGlobalSection
	GlobalSection(ExtensibilityGlobals) = postSolution
		SolutionGuid = {DF8C6E08-C4C3-4824-B976-EFD5F592A38F}
	EndGlobalSection
EndGlobal
